
Microsoft Visual Studio Solution File, Format Version 12.00
Project("{FAE04EC0-301F-11D3-BF4B-00C04F79EFBC}") = "MegaLCSLib", "MegaLCSLib\MegaLCSLib.csproj", "{07836BBE-20F0-479E-AC8A-342B0A7D3D54}"
EndProject
Project("{FAE04EC0-301F-11D3-BF4B-00C04F79EFBC}") = "MegaLCSTest", "MegaLCSTest\MegaLCSTest.csproj", "{2A0AF929-8BCE-4A1F-84F0-63F2F69E486B}"
EndProject
Global
	GlobalSection(SolutionConfigurationPlatforms) = preSolution
		Debug|Any CPU = Debug|Any CPU
		Release|Any CPU = Release|Any CPU
	EndGlobalSection
	GlobalSection(ProjectConfigurationPlatforms) = postSolution
		{07836BBE-20F0-479E-AC8A-342B0A7D3D54}.Debug|Any CPU.ActiveCfg = Debug|Any CPU
		{07836BBE-20F0-479E-AC8A-342B0A7D3D54}.Debug|Any CPU.Build.0 = Debug|Any CPU
		{07836BBE-20F0-479E-AC8A-342B0A7D3D54}.Release|Any CPU.ActiveCfg = Release|Any CPU
		{07836BBE-20F0-479E-AC8A-342B0A7D3D54}.Release|Any CPU.Build.0 = Release|Any CPU
		{2A0AF929-8BCE-4A1F-84F0-63F2F69E486B}.Debug|Any CPU.ActiveCfg = Debug|Any CPU
		{2A0AF929-8BCE-4A1F-84F0-63F2F69E486B}.Debug|Any CPU.Build.0 = Debug|Any CPU
		{2A0AF929-8BCE-4A1F-84F0-63F2F69E486B}.Release|Any CPU.ActiveCfg = Release|Any CPU
		{2A0AF929-8BCE-4A1F-84F0-63F2F69E486B}.Release|Any CPU.Build.0 = Release|Any CPU
	EndGlobalSection
EndGlobal
